// !$*UTF8*$!
{
	archiveVersion = 1;
	classes = {
	};
	objectVersion = 56;
	objects = {

/* Begin PBXBuildFile section */
		1FC25CB62B0A80D500CF1BE3 /* Uppgift2App.swift in Sources */ = {isa = PBXBuildFile; fileRef = 1FC25CB52B0A80D500CF1BE3 /* Uppgift2App.swift */; };
		1FC25CB82B0A80D500CF1BE3 /* ContentView.swift in Sources */ = {isa = PBXBuildFile; fileRef = 1FC25CB72B0A80D500CF1BE3 /* ContentView.swift */; };
		1FC25CBA2B0A80D700CF1BE3 /* Assets.xcassets in Resources */ = {isa = PBXBuildFile; fileRef = 1FC25CB92B0A80D700CF1BE3 /* Assets.xcassets */; };
		1FC25CBD2B0A80D700CF1BE3 /* Preview Assets.xcassets in Resources */ = {isa = PBXBuildFile; fileRef = 1FC25CBC2B0A80D700CF1BE3 /* Preview Assets.xcassets */; };
		1FC25CC72B0A80D700CF1BE3 /* Uppgift2Tests.swift in Sources */ = {isa = PBXBuildFile; fileRef = 1FC25CC62B0A80D700CF1BE3 /* Uppgift2Tests.swift */; };
		1FC25CD12B0A80D700CF1BE3 /* Uppgift2UITests.swift in Sources */ = {isa = PBXBuildFile; fileRef = 1FC25CD02B0A80D700CF1BE3 /* Uppgift2UITests.swift */; };
		1FC25CD32B0A80D700CF1BE3 /* Uppgift2UITestsLaunchTests.swift in Sources */ = {isa = PBXBuildFile; fileRef = 1FC25CD22B0A80D700CF1BE3 /* Uppgift2UITestsLaunchTests.swift */; };
/* End PBXBuildFile section */

/* Begin PBXContainerItemProxy section */
		1FC25CC32B0A80D700CF1BE3 /* PBXContainerItemProxy */ = {
			isa = PBXContainerItemProxy;
			containerPortal = 1FC25CAA2B0A80D500CF1BE3 /* Project object */;
			proxyType = 1;
			remoteGlobalIDString = 1FC25CB12B0A80D500CF1BE3;
			remoteInfo = Uppgift2;
		};
		1FC25CCD2B0A80D700CF1BE3 /* PBXContainerItemProxy */ = {
			isa = PBXContainerItemProxy;
			containerPortal = 1FC25CAA2B0A80D500CF1BE3 /* Project object */;
			proxyType = 1;
			remoteGlobalIDString = 1FC25CB12B0A80D500CF1BE3;
			remoteInfo = Uppgift2;
		};
/* End PBXContainerItemProxy section */

/* Begin PBXFileReference section */
		1FC25CB22B0A80D500CF1BE3 /* Uppgift2.app */ = {isa = PBXFileReference; explicitFileType = wrapper.application; includeInIndex = 0; path = Uppgift2.app; sourceTree = BUILT_PRODUCTS_DIR; };
		1FC25CB52B0A80D500CF1BE3 /* Uppgift2App.swift */ = {isa = PBXFileReference; lastKnownFileType = sourcecode.swift; path = Uppgift2App.swift; sourceTree = "<group>"; };
		1FC25CB72B0A80D500CF1BE3 /* ContentView.swift */ = {isa = PBXFileReference; lastKnownFileType = sourcecode.swift; path = ContentView.swift; sourceTree = "<group>"; };
		1FC25CB92B0A80D700CF1BE3 /* Assets.xcassets */ = {isa = PBXFileReference; lastKnownFileType = folder.assetcatalog; path = Assets.xcassets; sourceTree = "<group>"; };
		1FC25CBC2B0A80D700CF1BE3 /* Preview Assets.xcassets */ = {isa = PBXFileReference; lastKnownFileType = folder.assetcatalog; path = "Preview Assets.xcassets"; sourceTree = "<group>"; };
		1FC25CC22B0A80D700CF1BE3 /* Uppgift2Tests.xctest */ = {isa = PBXFileReference; explicitFileType = wrapper.cfbundle; includeInIndex = 0; path = Uppgift2Tests.xctest; sourceTree = BUILT_PRODUCTS_DIR; };
		1FC25CC62B0A80D700CF1BE3 /* Uppgift2Tests.swift */ = {isa = PBXFileReference; lastKnownFileType = sourcecode.swift; path = Uppgift2Tests.swift; sourceTree = "<group>"; };
		1FC25CCC2B0A80D700CF1BE3 /* Uppgift2UITests.xctest */ = {isa = PBXFileReference; explicitFileType = wrapper.cfbundle; includeInIndex = 0; path = Uppgift2UITests.xctest; sourceTree = BUILT_PRODUCTS_DIR; };
		1FC25CD02B0A80D700CF1BE3 /* Uppgift2UITests.swift */ = {isa = PBXFileReference; lastKnownFileType = sourcecode.swift; path = Uppgift2UITests.swift; sourceTree = "<group>"; };
		1FC25CD22B0A80D700CF1BE3 /* Uppgift2UITestsLaunchTests.swift */ = {isa = PBXFileReference; lastKnownFileType = sourcecode.swift; path = Uppgift2UITestsLaunchTests.swift; sourceTree = "<group>"; };
/* End PBXFileReference section */

/* Begin PBXFrameworksBuildPhase section */
		1FC25CAF2B0A80D500CF1BE3 /* Frameworks */ = {
			isa = PBXFrameworksBuildPhase;
			buildActionMask = 2147483647;
			files = (
			);
			runOnlyForDeploymentPostprocessing = 0;
		};
		1FC25CBF2B0A80D700CF1BE3 /* Frameworks */ = {
			isa = PBXFrameworksBuildPhase;
			buildActionMask = 2147483647;
			files = (
			);
			runOnlyForDeploymentPostprocessing = 0;
		};
		1FC25CC92B0A80D700CF1BE3 /* Frameworks */ = {
			isa = PBXFrameworksBuildPhase;
			buildActionMask = 2147483647;
			files = (
			);
			runOnlyForDeploymentPostprocessing = 0;
		};
/* End PBXFrameworksBuildPhase section */

/* Begin PBXGroup section */
		1FC25CA92B0A80D500CF1BE3 = {
			isa = PBXGroup;
			children = (
				1FC25CB42B0A80D500CF1BE3 /* Uppgift2 */,
				1FC25CC52B0A80D700CF1BE3 /* Uppgift2Tests */,
				1FC25CCF2B0A80D700CF1BE3 /* Uppgift2UITests */,
				1FC25CB32B0A80D500CF1BE3 /* Products */,
			);
			sourceTree = "<group>";
		};
		1FC25CB32B0A80D500CF1BE3 /* Products */ = {
			isa = PBXGroup;
			children = (
				1FC25CB22B0A80D500CF1BE3 /* Uppgift2.app */,
				1FC25CC22B0A80D700CF1BE3 /* Uppgift2Tests.xctest */,
				1FC25CCC2B0A80D700CF1BE3 /* Uppgift2UITests.xctest */,
			);
			name = Products;
			sourceTree = "<group>";
		};
		1FC25CB42B0A80D500CF1BE3 /* Uppgift2 */ = {
			isa = PBXGroup;
			children = (
				1FC25CB52B0A80D500CF1BE3 /* Uppgift2App.swift */,
				1FC25CB72B0A80D500CF1BE3 /* ContentView.swift */,
				1FC25CB92B0A80D700CF1BE3 /* Assets.xcassets */,
				1FC25CBB2B0A80D700CF1BE3 /* Preview Content */,
			);
			path = Uppgift2;
			sourceTree = "<group>";
		};
		1FC25CBB2B0A80D700CF1BE3 /* Preview Content */ = {
			isa = PBXGroup;
			children = (
				1FC25CBC2B0A80D700CF1BE3 /* Preview Assets.xcassets */,
			);
			path = "Preview Content";
			sourceTree = "<group>";
		};
		1FC25CC52B0A80D700CF1BE3 /* Uppgift2Tests */ = {
			isa = PBXGroup;
			children = (
				1FC25CC62B0A80D700CF1BE3 /* Uppgift2Tests.swift */,
			);
			path = Uppgift2Tests;
			sourceTree = "<group>";
		};
		1FC25CCF2B0A80D700CF1BE3 /* Uppgift2UITests */ = {
			isa = PBXGroup;
			children = (
				1FC25CD02B0A80D700CF1BE3 /* Uppgift2UITests.swift */,
				1FC25CD22B0A80D700CF1BE3 /* Uppgift2UITestsLaunchTests.swift */,
			);
			path = Uppgift2UITests;
			sourceTree = "<group>";
		};
/* End PBXGroup section */

/* Begin PBXNativeTarget section */
		1FC25CB12B0A80D500CF1BE3 /* Uppgift2 */ = {
			isa = PBXNativeTarget;
			buildConfigurationList = 1FC25CD62B0A80D700CF1BE3 /* Build configuration list for PBXNativeTarget "Uppgift2" */;
			buildPhases = (
				1FC25CAE2B0A80D500CF1BE3 /* Sources */,
				1FC25CAF2B0A80D500CF1BE3 /* Frameworks */,
				1FC25CB02B0A80D500CF1BE3 /* Resources */,
			);
			buildRules = (
			);
			dependencies = (
			);
			name = Uppgift2;
			productName = Uppgift2;
			productReference = 1FC25CB22B0A80D500CF1BE3 /* Uppgift2.app */;
			productType = "com.apple.product-type.application";
		};
		1FC25CC12B0A80D700CF1BE3 /* Uppgift2Tests */ = {
			isa = PBXNativeTarget;
			buildConfigurationList = 1FC25CD92B0A80D700CF1BE3 /* Build configuration list for PBXNativeTarget "Uppgift2Tests" */;
			buildPhases = (
				1FC25CBE2B0A80D700CF1BE3 /* Sources */,
				1FC25CBF2B0A80D700CF1BE3 /* Frameworks */,
				1FC25CC02B0A80D700CF1BE3 /* Resources */,
			);
			buildRules = (
			);
			dependencies = (
				1FC25CC42B0A80D700CF1BE3 /* PBXTargetDependency */,
			);
			name = Uppgift2Tests;
			productName = Uppgift2Tests;
			productReference = 1FC25CC22B0A80D700CF1BE3 /* Uppgift2Tests.xctest */;
			productType = "com.apple.product-type.bundle.unit-test";
		};
		1FC25CCB2B0A80D700CF1BE3 /* Uppgift2UITests */ = {
			isa = PBXNativeTarget;
			buildConfigurationList = 1FC25CDC2B0A80D700CF1BE3 /* Build configuration list for PBXNativeTarget "Uppgift2UITests" */;
			buildPhases = (
				1FC25CC82B0A80D700CF1BE3 /* Sources */,
				1FC25CC92B0A80D700CF1BE3 /* Frameworks */,
				1FC25CCA2B0A80D700CF1BE3 /* Resources */,
			);
			buildRules = (
			);
			dependencies = (
				1FC25CCE2B0A80D700CF1BE3 /* PBXTargetDependency */,
			);
			name = Uppgift2UITests;
			productName = Uppgift2UITests;
			productReference = 1FC25CCC2B0A80D700CF1BE3 /* Uppgift2UITests.xctest */;
			productType = "com.apple.product-type.bundle.ui-testing";
		};
/* End PBXNativeTarget section */

/* Begin PBXProject section */
		1FC25CAA2B0A80D500CF1BE3 /* Project object */ = {
			isa = PBXProject;
			attributes = {
				BuildIndependentTargetsInParallel = 1;
				LastSwiftUpdateCheck = 1500;
				LastUpgradeCheck = 1500;
				TargetAttributes = {
					1FC25CB12B0A80D500CF1BE3 = {
						CreatedOnToolsVersion = 15.0;
					};
					1FC25CC12B0A80D700CF1BE3 = {
						CreatedOnToolsVersion = 15.0;
						TestTargetID = 1FC25CB12B0A80D500CF1BE3;
					};
					1FC25CCB2B0A80D700CF1BE3 = {
						CreatedOnToolsVersion = 15.0;
						TestTargetID = 1FC25CB12B0A80D500CF1BE3;
					};
				};
			};
			buildConfigurationList = 1FC25CAD2B0A80D500CF1BE3 /* Build configuration list for PBXProject "Uppgift2" */;
			compatibilityVersion = "Xcode 14.0";
			developmentRegion = en;
			hasScannedForEncodings = 0;
			knownRegions = (
				en,
				Base,
			);
			mainGroup = 1FC25CA92B0A80D500CF1BE3;
			productRefGroup = 1FC25CB32B0A80D500CF1BE3 /* Products */;
			projectDirPath = "";
			projectRoot = "";
			targets = (
				1FC25CB12B0A80D500CF1BE3 /* Uppgift2 */,
				1FC25CC12B0A80D700CF1BE3 /* Uppgift2Tests */,
				1FC25CCB2B0A80D700CF1BE3 /* Uppgift2UITests */,
			);
		};
/* End PBXProject section */

/* Begin PBXResourcesBuildPhase section */
		1FC25CB02B0A80D500CF1BE3 /* Resources */ = {
			isa = PBXResourcesBuildPhase;
			buildActionMask = 2147483647;
			files = (
				1FC25CBD2B0A80D700CF1BE3 /* Preview Assets.xcassets in Resources */,
				1FC25CBA2B0A80D700CF1BE3 /* Assets.xcassets in Resources */,
			);
			runOnlyForDeploymentPostprocessing = 0;
		};
		1FC25CC02B0A80D700CF1BE3 /* Resources */ = {
			isa = PBXResourcesBuildPhase;
			buildActionMask = 2147483647;
			files = (
			);
			runOnlyForDeploymentPostprocessing = 0;
		};
		1FC25CCA2B0A80D700CF1BE3 /* Resources */ = {
			isa = PBXResourcesBuildPhase;
			buildActionMask = 2147483647;
			files = (
			);
			runOnlyForDeploymentPostprocessing = 0;
		};
/* End PBXResourcesBuildPhase section */

/* Begin PBXSourcesBuildPhase section */
		1FC25CAE2B0A80D500CF1BE3 /* Sources */ = {
			isa = PBXSourcesBuildPhase;
			buildActionMask = 2147483647;
			files = (
				1FC25CB82B0A80D500CF1BE3 /* ContentView.swift in Sources */,
				1FC25CB62B0A80D500CF1BE3 /* Uppgift2App.swift in Sources */,
			);
			runOnlyForDeploymentPostprocessing = 0;
		};
		1FC25CBE2B0A80D700CF1BE3 /* Sources */ = {
			isa = PBXSourcesBuildPhase;
			buildActionMask = 2147483647;
			files = (
				1FC25CC72B0A80D700CF1BE3 /* Uppgift2Tests.swift in Sources */,
			);
			runOnlyForDeploymentPostprocessing = 0;
		};
		1FC25CC82B0A80D700CF1BE3 /* Sources */ = {
			isa = PBXSourcesBuildPhase;
			buildActionMask = 2147483647;
			files = (
				1FC25CD32B0A80D700CF1BE3 /* Uppgift2UITestsLaunchTests.swift in Sources */,
				1FC25CD12B0A80D700CF1BE3 /* Uppgift2UITests.swift in Sources */,
			);
			runOnlyForDeploymentPostprocessing = 0;
		};
/* End PBXSourcesBuildPhase section */

/* Begin PBXTargetDependency section */
		1FC25CC42B0A80D700CF1BE3 /* PBXTargetDependency */ = {
			isa = PBXTargetDependency;
			target = 1FC25CB12B0A80D500CF1BE3 /* Uppgift2 */;
			targetProxy = 1FC25CC32B0A80D700CF1BE3 /* PBXContainerItemProxy */;
		};
		1FC25CCE2B0A80D700CF1BE3 /* PBXTargetDependency */ = {
			isa = PBXTargetDependency;
			target = 1FC25CB12B0A80D500CF1BE3 /* Uppgift2 */;
			targetProxy = 1FC25CCD2B0A80D700CF1BE3 /* PBXContainerItemProxy */;
		};
/* End PBXTargetDependency section */

/* Begin XCBuildConfiguration section */
		1FC25CD42B0A80D700CF1BE3 /* Debug */ = {
			isa = XCBuildConfiguration;
			buildSettings = {
				ALWAYS_SEARCH_USER_PATHS = NO;
				ASSETCATALOG_COMPILER_GENERATE_SWIFT_ASSET_SYMBOL_EXTENSIONS = YES;
				CLANG_ANALYZER_NONNULL = YES;
				CLANG_ANALYZER_NUMBER_OBJECT_CONVERSION = YES_AGGRESSIVE;
				CLANG_CXX_LANGUAGE_STANDARD = "gnu++20";
				CLANG_ENABLE_MODULES = YES;
				CLANG_ENABLE_OBJC_ARC = YES;
				CLANG_ENABLE_OBJC_WEAK = YES;
				CLANG_WARN_BLOCK_CAPTURE_AUTORELEASING = YES;
				CLANG_WARN_BOOL_CONVERSION = YES;
				CLANG_WARN_COMMA = YES;
				CLANG_WARN_CONSTANT_CONVERSION = YES;
				CLANG_WARN_DEPRECATED_OBJC_IMPLEMENTATIONS = YES;
				CLANG_WARN_DIRECT_OBJC_ISA_USAGE = YES_ERROR;
				CLANG_WARN_DOCUMENTATION_COMMENTS = YES;
				CLANG_WARN_EMPTY_BODY = YES;
				CLANG_WARN_ENUM_CONVERSION = YES;
				CLANG_WARN_INFINITE_RECURSION = YES;
				CLANG_WARN_INT_CONVERSION = YES;
				CLANG_WARN_NON_LITERAL_NULL_CONVERSION = YES;
				CLANG_WARN_OBJC_IMPLICIT_RETAIN_SELF = YES;
				CLANG_WARN_OBJC_LITERAL_CONVERSION = YES;
				CLANG_WARN_OBJC_ROOT_CLASS = YES_ERROR;
				CLANG_WARN_QUOTED_INCLUDE_IN_FRAMEWORK_HEADER = YES;
				CLANG_WARN_RANGE_LOOP_ANALYSIS = YES;
				CLANG_WARN_STRICT_PROTOTYPES = YES;
				CLANG_WARN_SUSPICIOUS_MOVE = YES;
				CLANG_WARN_UNGUARDED_AVAILABILITY = YES_AGGRESSIVE;
				CLANG_WARN_UNREACHABLE_CODE = YES;
				CLANG_WARN__DUPLICATE_METHOD_MATCH = YES;
				COPY_PHASE_STRIP = NO;
				DEBUG_INFORMATION_FORMAT = dwarf;
				ENABLE_STRICT_OBJC_MSGSEND = YES;
				ENABLE_TESTABILITY = YES;
				ENABLE_USER_SCRIPT_SANDBOXING = YES;
				GCC_C_LANGUAGE_STANDARD = gnu17;
				GCC_DYNAMIC_NO_PIC = NO;
				GCC_NO_COMMON_BLOCKS = YES;
				GCC_OPTIMIZATION_LEVEL = 0;
				GCC_PREPROCESSOR_DEFINITIONS = (
					"DEBUG=1",
					"$(inherited)",
				);
				GCC_WARN_64_TO_32_BIT_CONVERSION = YES;
				GCC_WARN_ABOUT_RETURN_TYPE = YES_ERROR;
				GCC_WARN_UNDECLARED_SELECTOR = YES;
				GCC_WARN_UNINITIALIZED_AUTOS = YES_AGGRESSIVE;
				GCC_WARN_UNUSED_FUNCTION = YES;
				GCC_WARN_UNUSED_VARIABLE = YES;
				IPHONEOS_DEPLOYMENT_TARGET = 17.0;
				LOCALIZATION_PREFERS_STRING_CATALOGS = YES;
				MTL_ENABLE_DEBUG_INFO = INCLUDE_SOURCE;
				MTL_FAST_MATH = YES;
				ONLY_ACTIVE_ARCH = YES;
				SDKROOT = iphoneos;
				SWIFT_ACTIVE_COMPILATION_CONDITIONS = "DEBUG $(inherited)";
				SWIFT_OPTIMIZATION_LEVEL = "-Onone";
			};
			name = Debug;
		};
		1FC25CD52B0A80D700CF1BE3 /* Release */ = {
			isa = XCBuildConfiguration;
			buildSettings = {
				ALWAYS_SEARCH_USER_PATHS = NO;
				ASSETCATALOG_COMPILER_GENERATE_SWIFT_ASSET_SYMBOL_EXTENSIONS = YES;
				CLANG_ANALYZER_NONNULL = YES;
				CLANG_ANALYZER_NUMBER_OBJECT_CONVERSION = YES_AGGRESSIVE;
				CLANG_CXX_LANGUAGE_STANDARD = "gnu++20";
				CLANG_ENABLE_MODULES = YES;
				CLANG_ENABLE_OBJC_ARC = YES;
				CLANG_ENABLE_OBJC_WEAK = YES;
				CLANG_WARN_BLOCK_CAPTURE_AUTORELEASING = YES;
				CLANG_WARN_BOOL_CONVERSION = YES;
				CLANG_WARN_COMMA = YES;
				CLANG_WARN_CONSTANT_CONVERSION = YES;
				CLANG_WARN_DEPRECATED_OBJC_IMPLEMENTATIONS = YES;
				CLANG_WARN_DIRECT_OBJC_ISA_USAGE = YES_ERROR;
				CLANG_WARN_DOCUMENTATION_COMMENTS = YES;
				CLANG_WARN_EMPTY_BODY = YES;
				CLANG_WARN_ENUM_CONVERSION = YES;
				CLANG_WARN_INFINITE_RECURSION = YES;
				CLANG_WARN_INT_CONVERSION = YES;
				CLANG_WARN_NON_LITERAL_NULL_CONVERSION = YES;
				CLANG_WARN_OBJC_IMPLICIT_RETAIN_SELF = YES;
				CLANG_WARN_OBJC_LITERAL_CONVERSION = YES;
				CLANG_WARN_OBJC_ROOT_CLASS = YES_ERROR;
				CLANG_WARN_QUOTED_INCLUDE_IN_FRAMEWORK_HEADER = YES;
				CLANG_WARN_RANGE_LOOP_ANALYSIS = YES;
				CLANG_WARN_STRICT_PROTOTYPES = YES;
				CLANG_WARN_SUSPICIOUS_MOVE = YES;
				CLANG_WARN_UNGUARDED_AVAILABILITY = YES_AGGRESSIVE;
				CLANG_WARN_UNREACHABLE_CODE = YES;
				CLANG_WARN__DUPLICATE_METHOD_MATCH = YES;
				COPY_PHASE_STRIP = NO;
				DEBUG_INFORMATION_FORMAT = "dwarf-with-dsym";
				ENABLE_NS_ASSERTIONS = NO;
				ENABLE_STRICT_OBJC_MSGSEND = YES;
				ENABLE_USER_SCRIPT_SANDBOXING = YES;
				GCC_C_LANGUAGE_STANDARD = gnu17;
				GCC_NO_COMMON_BLOCKS = YES;
				GCC_WARN_64_TO_32_BIT_CONVERSION = YES;
				GCC_WARN_ABOUT_RETURN_TYPE = YES_ERROR;
				GCC_WARN_UNDECLARED_SELECTOR = YES;
				GCC_WARN_UNINITIALIZED_AUTOS = YES_AGGRESSIVE;
				GCC_WARN_UNUSED_FUNCTION = YES;
				GCC_WARN_UNUSED_VARIABLE = YES;
				IPHONEOS_DEPLOYMENT_TARGET = 17.0;
				LOCALIZATION_PREFERS_STRING_CATALOGS = YES;
				MTL_ENABLE_DEBUG_INFO = NO;
				MTL_FAST_MATH = YES;
				SDKROOT = iphoneos;
				SWIFT_COMPILATION_MODE = wholemodule;
				VALIDATE_PRODUCT = YES;
			};
			name = Release;
		};
		1FC25CD72B0A80D700CF1BE3 /* Debug */ = {
			isa = XCBuildConfiguration;
			buildSettings = {
				ASSETCATALOG_COMPILER_APPICON_NAME = AppIcon;
				ASSETCATALOG_COMPILER_GLOBAL_ACCENT_COLOR_NAME = AccentColor;
				CODE_SIGN_STYLE = Automatic;
				CURRENT_PROJECT_VERSION = 1;
				DEVELOPMENT_ASSET_PATHS = "\"Uppgift2/Preview Content\"";
				ENABLE_PREVIEWS = YES;
				GENERATE_INFOPLIST_FILE = YES;
				INFOPLIST_KEY_UIApplicationSceneManifest_Generation = YES;
				INFOPLIST_KEY_UIApplicationSupportsIndirectInputEvents = YES;
				INFOPLIST_KEY_UILaunchScreen_Generation = YES;
				INFOPLIST_KEY_UISupportedInterfaceOrientations_iPad = "UIInterfaceOrientationPortrait UIInterfaceOrientationPortraitUpsideDown UIInterfaceOrientationLandscapeLeft UIInterfaceOrientationLandscapeRight";
				INFOPLIST_KEY_UISupportedInterfaceOrientations_iPhone = "UIInterfaceOrientationPortrait UIInterfaceOrientationLandscapeLeft UIInterfaceOrientationLandscapeRight";
				LD_RUNPATH_SEARCH_PATHS = (
					"$(inherited)",
					"@executable_path/Frameworks",
				);
				MARKETING_VERSION = 1.0;
				PRODUCT_BUNDLE_IDENTIFIER = "https---github.com-Sadiiqk.Uppgift2";
				PRODUCT_NAME = "$(TARGET_NAME)";
				SWIFT_EMIT_LOC_STRINGS = YES;
				SWIFT_VERSION = 5.0;
				TARGETED_DEVICE_FAMILY = "1,2";
			};
			name = Debug;
		};
		1FC25CD82B0A80D700CF1BE3 /* Release */ = {
			isa = XCBuildConfiguration;
			buildSettings = {
				ASSETCATALOG_COMPILER_APPICON_NAME = AppIcon;
				ASSETCATALOG_COMPILER_GLOBAL_ACCENT_COLOR_NAME = AccentColor;
				CODE_SIGN_STYLE = Automatic;
				CURRENT_PROJECT_VERSION = 1;
				DEVELOPMENT_ASSET_PATHS = "\"Uppgift2/Preview Content\"";
				ENABLE_PREVIEWS = YES;
				GENERATE_INFOPLIST_FILE = YES;
				INFOPLIST_KEY_UIApplicationSceneManifest_Generation = YES;
				INFOPLIST_KEY_UIApplicationSupportsIndirectInputEvents = YES;
				INFOPLIST_KEY_UILaunchScreen_Generation = YES;
				INFOPLIST_KEY_UISupportedInterfaceOrientations_iPad = "UIInterfaceOrientationPortrait UIInterfaceOrientationPortraitUpsideDown UIInterfaceOrientationLandscapeLeft UIInterfaceOrientationLandscapeRight";
				INFOPLIST_KEY_UISupportedInterfaceOrientations_iPhone = "UIInterfaceOrientationPortrait UIInterfaceOrientationLandscapeLeft UIInterfaceOrientationLandscapeRight";
				LD_RUNPATH_SEARCH_PATHS = (
					"$(inherited)",
					"@executable_path/Frameworks",
				);
				MARKETING_VERSION = 1.0;
				PRODUCT_BUNDLE_IDENTIFIER = "https---github.com-Sadiiqk.Uppgift2";
				PRODUCT_NAME = "$(TARGET_NAME)";
				SWIFT_EMIT_LOC_STRINGS = YES;
				SWIFT_VERSION = 5.0;
				TARGETED_DEVICE_FAMILY = "1,2";
			};
			name = Release;
		};
		1FC25CDA2B0A80D700CF1BE3 /* Debug */ = {
			isa = XCBuildConfiguration;
			buildSettings = {
				ALWAYS_EMBED_SWIFT_STANDARD_LIBRARIES = YES;
				BUNDLE_LOADER = "$(TEST_HOST)";
				CODE_SIGN_STYLE = Automatic;
				CURRENT_PROJECT_VERSION = 1;
				GENERATE_INFOPLIST_FILE = YES;
				IPHONEOS_DEPLOYMENT_TARGET = 17.0;
				MARKETING_VERSION = 1.0;
				PRODUCT_BUNDLE_IDENTIFIER = "https---github.com-Sadiiqk.Uppgift2Tests";
				PRODUCT_NAME = "$(TARGET_NAME)";
				SWIFT_EMIT_LOC_STRINGS = NO;
				SWIFT_VERSION = 5.0;
				TARGETED_DEVICE_FAMILY = "1,2";
				TEST_HOST = "$(BUILT_PRODUCTS_DIR)/Uppgift2.app/$(BUNDLE_EXECUTABLE_FOLDER_PATH)/Uppgift2";
			};
			name = Debug;
		};
		1FC25CDB2B0A80D700CF1BE3 /* Release */ = {
			isa = XCBuildConfiguration;
			buildSettings = {
				ALWAYS_EMBED_SWIFT_STANDARD_LIBRARIES = YES;
				BUNDLE_LOADER = "$(TEST_HOST)";
				CODE_SIGN_STYLE = Automatic;
				CURRENT_PROJECT_VERSION = 1;
				GENERATE_INFOPLIST_FILE = YES;
				IPHONEOS_DEPLOYMENT_TARGET = 17.0;
				MARKETING_VERSION = 1.0;
				PRODUCT_BUNDLE_IDENTIFIER = "https---github.com-Sadiiqk.Uppgift2Tests";
				PRODUCT_NAME = "$(TARGET_NAME)";
				SWIFT_EMIT_LOC_STRINGS = NO;
				SWIFT_VERSION = 5.0;
				TARGETED_DEVICE_FAMILY = "1,2";
				TEST_HOST = "$(BUILT_PRODUCTS_DIR)/Uppgift2.app/$(BUNDLE_EXECUTABLE_FOLDER_PATH)/Uppgift2";
			};
			name = Release;
		};
		1FC25CDD2B0A80D700CF1BE3 /* Debug */ = {
			isa = XCBuildConfiguration;
			buildSettings = {
				ALWAYS_EMBED_SWIFT_STANDARD_LIBRARIES = YES;
				CODE_SIGN_STYLE = Automatic;
				CURRENT_PROJECT_VERSION = 1;
				GENERATE_INFOPLIST_FILE = YES;
				MARKETING_VERSION = 1.0;
				PRODUCT_BUNDLE_IDENTIFIER = "https---github.com-Sadiiqk.Uppgift2UITests";
				PRODUCT_NAME = "$(TARGET_NAME)";
				SWIFT_EMIT_LOC_STRINGS = NO;
				SWIFT_VERSION = 5.0;
				TARGETED_DEVICE_FAMILY = "1,2";
				TEST_TARGET_NAME = Uppgift2;
			};
			name = Debug;
		};
		1FC25CDE2B0A80D700CF1BE3 /* Release */ = {
			isa = XCBuildConfiguration;
			buildSettings = {
				ALWAYS_EMBED_SWIFT_STANDARD_LIBRARIES = YES;
				CODE_SIGN_STYLE = Automatic;
				CURRENT_PROJECT_VERSION = 1;
				GENERATE_INFOPLIST_FILE = YES;
				MARKETING_VERSION = 1.0;
				PRODUCT_BUNDLE_IDENTIFIER = "https---github.com-Sadiiqk.Uppgift2UITests";
				PRODUCT_NAME = "$(TARGET_NAME)";
				SWIFT_EMIT_LOC_STRINGS = NO;
				SWIFT_VERSION = 5.0;
				TARGETED_DEVICE_FAMILY = "1,2";
				TEST_TARGET_NAME = Uppgift2;
			};
			name = Release;
		};
/* End XCBuildConfiguration section */

/* Begin XCConfigurationList section */
		1FC25CAD2B0A80D500CF1BE3 /* Build configuration list for PBXProject "Uppgift2" */ = {
			isa = XCConfigurationList;
			buildConfigurations = (
				1FC25CD42B0A80D700CF1BE3 /* Debug */,
				1FC25CD52B0A80D700CF1BE3 /* Release */,
			);
			defaultConfigurationIsVisible = 0;
			defaultConfigurationName = Release;
		};
		1FC25CD62B0A80D700CF1BE3 /* Build configuration list for PBXNativeTarget "Uppgift2" */ = {
			isa = XCConfigurationList;
			buildConfigurations = (
				1FC25CD72B0A80D700CF1BE3 /* Debug */,
				1FC25CD82B0A80D700CF1BE3 /* Release */,
			);
			defaultConfigurationIsVisible = 0;
			defaultConfigurationName = Release;
		};
		1FC25CD92B0A80D700CF1BE3 /* Build configuration list for PBXNativeTarget "Uppgift2Tests" */ = {
			isa = XCConfigurationList;
			buildConfigurations = (
				1FC25CDA2B0A80D700CF1BE3 /* Debug */,
				1FC25CDB2B0A80D700CF1BE3 /* Release */,
			);
			defaultConfigurationIsVisible = 0;
			defaultConfigurationName = Release;
		};
		1FC25CDC2B0A80D700CF1BE3 /* Build configuration list for PBXNativeTarget "Uppgift2UITests" */ = {
			isa = XCConfigurationList;
			buildConfigurations = (
				1FC25CDD2B0A80D700CF1BE3 /* Debug */,
				1FC25CDE2B0A80D700CF1BE3 /* Release */,
			);
			defaultConfigurationIsVisible = 0;
			defaultConfigurationName = Release;
		};
/* End XCConfigurationList section */
	};
	rootObject = 1FC25CAA2B0A80D500CF1BE3 /* Project object */;
}
